// !$*UTF8*$!
{
	archiveVersion = 1;
	classes = {
	};
	objectVersion = 56;
	objects = {

/* Begin PBXBuildFile section */
		FDE19A1D2BBC1DB60085ADCB /* AppDelegate.swift in Sources */ = {isa = PBXBuildFile; fileRef = FDE19A1C2BBC1DB60085ADCB /* AppDelegate.swift */; };
		FDE19A1F2BBC1DB60085ADCB /* SceneDelegate.swift in Sources */ = {isa = PBXBuildFile; fileRef = FDE19A1E2BBC1DB60085ADCB /* SceneDelegate.swift */; };
		FDE19A212BBC1DB60085ADCB /* ViewController.swift in Sources */ = {isa = PBXBuildFile; fileRef = FDE19A202BBC1DB60085ADCB /* ViewController.swift */; };
		FDE19A242BBC1DB60085ADCB /* Base in Resources */ = {isa = PBXBuildFile; fileRef = FDE19A232BBC1DB60085ADCB /* Base */; };
		FDE19A262BBC1DB80085ADCB /* Assets.xcassets in Resources */ = {isa = PBXBuildFile; fileRef = FDE19A252BBC1DB80085ADCB /* Assets.xcassets */; };
		FDE19A292BBC1DB80085ADCB /* Base in Resources */ = {isa = PBXBuildFile; fileRef = FDE19A282BBC1DB80085ADCB /* Base */; };
		FDE19A342BBC1DB80085ADCB /* I_am_RichTests.swift in Sources */ = {isa = PBXBuildFile; fileRef = FDE19A332BBC1DB80085ADCB /* I_am_RichTests.swift */; };
		FDE19A3E2BBC1DB80085ADCB /* I_am_RichUITests.swift in Sources */ = {isa = PBXBuildFile; fileRef = FDE19A3D2BBC1DB80085ADCB /* I_am_RichUITests.swift */; };
		FDE19A402BBC1DB80085ADCB /* I_am_RichUITestsLaunchTests.swift in Sources */ = {isa = PBXBuildFile; fileRef = FDE19A3F2BBC1DB80085ADCB /* I_am_RichUITestsLaunchTests.swift */; };
/* End PBXBuildFile section */

/* Begin PBXContainerItemProxy section */
		FDE19A302BBC1DB80085ADCB /* PBXContainerItemProxy */ = {
			isa = PBXContainerItemProxy;
			containerPortal = FDE19A112BBC1DB60085ADCB /* Project object */;
			proxyType = 1;
			remoteGlobalIDString = FDE19A182BBC1DB60085ADCB;
			remoteInfo = "I am Rich";
		};
		FDE19A3A2BBC1DB80085ADCB /* PBXContainerItemProxy */ = {
			isa = PBXContainerItemProxy;
			containerPortal = FDE19A112BBC1DB60085ADCB /* Project object */;
			proxyType = 1;
			remoteGlobalIDString = FDE19A182BBC1DB60085ADCB;
			remoteInfo = "I am Rich";
		};
/* End PBXContainerItemProxy section */

/* Begin PBXFileReference section */
		FDE19A192BBC1DB60085ADCB /* I am Rich.app */ = {isa = PBXFileReference; explicitFileType = wrapper.application; includeInIndex = 0; path = "I am Rich.app"; sourceTree = BUILT_PRODUCTS_DIR; };
		FDE19A1C2BBC1DB60085ADCB /* AppDelegate.swift */ = {isa = PBXFileReference; lastKnownFileType = sourcecode.swift; path = AppDelegate.swift; sourceTree = "<group>"; };
		FDE19A1E2BBC1DB60085ADCB /* SceneDelegate.swift */ = {isa = PBXFileReference; lastKnownFileType = sourcecode.swift; path = SceneDelegate.swift; sourceTree = "<group>"; };
		FDE19A202BBC1DB60085ADCB /* ViewController.swift */ = {isa = PBXFileReference; lastKnownFileType = sourcecode.swift; path = ViewController.swift; sourceTree = "<group>"; };
		FDE19A232BBC1DB60085ADCB /* Base */ = {isa = PBXFileReference; lastKnownFileType = file.storyboard; name = Base; path = Base.lproj/Main.storyboard; sourceTree = "<group>"; };
		FDE19A252BBC1DB80085ADCB /* Assets.xcassets */ = {isa = PBXFileReference; lastKnownFileType = folder.assetcatalog; path = Assets.xcassets; sourceTree = "<group>"; };
		FDE19A282BBC1DB80085ADCB /* Base */ = {isa = PBXFileReference; lastKnownFileType = file.storyboard; name = Base; path = Base.lproj/LaunchScreen.storyboard; sourceTree = "<group>"; };
		FDE19A2A2BBC1DB80085ADCB /* Info.plist */ = {isa = PBXFileReference; lastKnownFileType = text.plist.xml; path = Info.plist; sourceTree = "<group>"; };
		FDE19A2F2BBC1DB80085ADCB /* I am RichTests.xctest */ = {isa = PBXFileReference; explicitFileType = wrapper.cfbundle; includeInIndex = 0; path = "I am RichTests.xctest"; sourceTree = BUILT_PRODUCTS_DIR; };
		FDE19A332BBC1DB80085ADCB /* I_am_RichTests.swift */ = {isa = PBXFileReference; lastKnownFileType = sourcecode.swift; path = I_am_RichTests.swift; sourceTree = "<group>"; };
		FDE19A392BBC1DB80085ADCB /* I am RichUITests.xctest */ = {isa = PBXFileReference; explicitFileType = wrapper.cfbundle; includeInIndex = 0; path = "I am RichUITests.xctest"; sourceTree = BUILT_PRODUCTS_DIR; };
		FDE19A3D2BBC1DB80085ADCB /* I_am_RichUITests.swift */ = {isa = PBXFileReference; lastKnownFileType = sourcecode.swift; path = I_am_RichUITests.swift; sourceTree = "<group>"; };
		FDE19A3F2BBC1DB80085ADCB /* I_am_RichUITestsLaunchTests.swift */ = {isa = PBXFileReference; lastKnownFileType = sourcecode.swift; path = I_am_RichUITestsLaunchTests.swift; sourceTree = "<group>"; };
/* End PBXFileReference section */

/* Begin PBXFrameworksBuildPhase section */
		FDE19A162BBC1DB60085ADCB /* Frameworks */ = {
			isa = PBXFrameworksBuildPhase;
			buildActionMask = 2147483647;
			files = (
			);
			runOnlyForDeploymentPostprocessing = 0;
		};
		FDE19A2C2BBC1DB80085ADCB /* Frameworks */ = {
			isa = PBXFrameworksBuildPhase;
			buildActionMask = 2147483647;
			files = (
			);
			runOnlyForDeploymentPostprocessing = 0;
		};
		FDE19A362BBC1DB80085ADCB /* Frameworks */ = {
			isa = PBXFrameworksBuildPhase;
			buildActionMask = 2147483647;
			files = (
			);
			runOnlyForDeploymentPostprocessing = 0;
		};
/* End PBXFrameworksBuildPhase section */

/* Begin PBXGroup section */
		FDE19A102BBC1DB60085ADCB = {
			isa = PBXGroup;
			children = (
				FDE19A1B2BBC1DB60085ADCB /* I am Rich */,
				FDE19A322BBC1DB80085ADCB /* I am RichTests */,
				FDE19A3C2BBC1DB80085ADCB /* I am RichUITests */,
				FDE19A1A2BBC1DB60085ADCB /* Products */,
			);
			sourceTree = "<group>";
		};
		FDE19A1A2BBC1DB60085ADCB /* Products */ = {
			isa = PBXGroup;
			children = (
				FDE19A192BBC1DB60085ADCB /* I am Rich.app */,
				FDE19A2F2BBC1DB80085ADCB /* I am RichTests.xctest */,
				FDE19A392BBC1DB80085ADCB /* I am RichUITests.xctest */,
			);
			name = Products;
			sourceTree = "<group>";
		};
		FDE19A1B2BBC1DB60085ADCB /* I am Rich */ = {
			isa = PBXGroup;
			children = (
				FDE19A1C2BBC1DB60085ADCB /* AppDelegate.swift */,
				FDE19A1E2BBC1DB60085ADCB /* SceneDelegate.swift */,
				FDE19A202BBC1DB60085ADCB /* ViewController.swift */,
				FDE19A222BBC1DB60085ADCB /* Main.storyboard */,
				FDE19A252BBC1DB80085ADCB /* Assets.xcassets */,
				FDE19A272BBC1DB80085ADCB /* LaunchScreen.storyboard */,
				FDE19A2A2BBC1DB80085ADCB /* Info.plist */,
			);
			path = "I am Rich";
			sourceTree = "<group>";
		};
		FDE19A322BBC1DB80085ADCB /* I am RichTests */ = {
			isa = PBXGroup;
			children = (
				FDE19A332BBC1DB80085ADCB /* I_am_RichTests.swift */,
			);
			path = "I am RichTests";
			sourceTree = "<group>";
		};
		FDE19A3C2BBC1DB80085ADCB /* I am RichUITests */ = {
			isa = PBXGroup;
			children = (
				FDE19A3D2BBC1DB80085ADCB /* I_am_RichUITests.swift */,
				FDE19A3F2BBC1DB80085ADCB /* I_am_RichUITestsLaunchTests.swift */,
			);
			path = "I am RichUITests";
			sourceTree = "<group>";
		};
/* End PBXGroup section */

/* Begin PBXNativeTarget section */
		FDE19A182BBC1DB60085ADCB /* I am Rich */ = {
			isa = PBXNativeTarget;
			buildConfigurationList = FDE19A432BBC1DB80085ADCB /* Build configuration list for PBXNativeTarget "I am Rich" */;
			buildPhases = (
				FDE19A152BBC1DB60085ADCB /* Sources */,
				FDE19A162BBC1DB60085ADCB /* Frameworks */,
				FDE19A172BBC1DB60085ADCB /* Resources */,
			);
			buildRules = (
			);
			dependencies = (
			);
			name = "I am Rich";
			productName = "I am Rich";
			productReference = FDE19A192BBC1DB60085ADCB /* I am Rich.app */;
			productType = "com.apple.product-type.application";
		};
		FDE19A2E2BBC1DB80085ADCB /* I am RichTests */ = {
			isa = PBXNativeTarget;
			buildConfigurationList = FDE19A462BBC1DB80085ADCB /* Build configuration list for PBXNativeTarget "I am RichTests" */;
			buildPhases = (
				FDE19A2B2BBC1DB80085ADCB /* Sources */,
				FDE19A2C2BBC1DB80085ADCB /* Frameworks */,
				FDE19A2D2BBC1DB80085ADCB /* Resources */,
			);
			buildRules = (
			);
			dependencies = (
				FDE19A312BBC1DB80085ADCB /* PBXTargetDependency */,
			);
			name = "I am RichTests";
			productName = "I am RichTests";
			productReference = FDE19A2F2BBC1DB80085ADCB /* I am RichTests.xctest */;
			productType = "com.apple.product-type.bundle.unit-test";
		};
		FDE19A382BBC1DB80085ADCB /* I am RichUITests */ = {
			isa = PBXNativeTarget;
			buildConfigurationList = FDE19A492BBC1DB80085ADCB /* Build configuration list for PBXNativeTarget "I am RichUITests" */;
			buildPhases = (
				FDE19A352BBC1DB80085ADCB /* Sources */,
				FDE19A362BBC1DB80085ADCB /* Frameworks */,
				FDE19A372BBC1DB80085ADCB /* Resources */,
			);
			buildRules = (
			);
			dependencies = (
				FDE19A3B2BBC1DB80085ADCB /* PBXTargetDependency */,
			);
			name = "I am RichUITests";
			productName = "I am RichUITests";
			productReference = FDE19A392BBC1DB80085ADCB /* I am RichUITests.xctest */;
			productType = "com.apple.product-type.bundle.ui-testing";
		};
/* End PBXNativeTarget section */

/* Begin PBXProject section */
		FDE19A112BBC1DB60085ADCB /* Project object */ = {
			isa = PBXProject;
			attributes = {
				BuildIndependentTargetsInParallel = 1;
				LastSwiftUpdateCheck = 1530;
				LastUpgradeCheck = 1530;
				TargetAttributes = {
					FDE19A182BBC1DB60085ADCB = {
						CreatedOnToolsVersion = 15.3;
					};
					FDE19A2E2BBC1DB80085ADCB = {
						CreatedOnToolsVersion = 15.3;
						TestTargetID = FDE19A182BBC1DB60085ADCB;
					};
					FDE19A382BBC1DB80085ADCB = {
						CreatedOnToolsVersion = 15.3;
						TestTargetID = FDE19A182BBC1DB60085ADCB;
					};
				};
			};
			buildConfigurationList = FDE19A142BBC1DB60085ADCB /* Build configuration list for PBXProject "I am Rich" */;
			compatibilityVersion = "Xcode 14.0";
			developmentRegion = en;
			hasScannedForEncodings = 0;
			knownRegions = (
				en,
				Base,
			);
			mainGroup = FDE19A102BBC1DB60085ADCB;
			productRefGroup = FDE19A1A2BBC1DB60085ADCB /* Products */;
			projectDirPath = "";
			projectRoot = "";
			targets = (
				FDE19A182BBC1DB60085ADCB /* I am Rich */,
				FDE19A2E2BBC1DB80085ADCB /* I am RichTests */,
				FDE19A382BBC1DB80085ADCB /* I am RichUITests */,
			);
		};
/* End PBXProject section */

/* Begin PBXResourcesBuildPhase section */
		FDE19A172BBC1DB60085ADCB /* Resources */ = {
			isa = PBXResourcesBuildPhase;
			buildActionMask = 2147483647;
			files = (
				FDE19A262BBC1DB80085ADCB /* Assets.xcassets in Resources */,
				FDE19A292BBC1DB80085ADCB /* Base in Resources */,
				FDE19A242BBC1DB60085ADCB /* Base in Resources */,
			);
			runOnlyForDeploymentPostprocessing = 0;
		};
		FDE19A2D2BBC1DB80085ADCB /* Resources */ = {
			isa = PBXResourcesBuildPhase;
			buildActionMask = 2147483647;
			files = (
			);
			runOnlyForDeploymentPostprocessing = 0;
		};
		FDE19A372BBC1DB80085ADCB /* Resources */ = {
			isa = PBXResourcesBuildPhase;
			buildActionMask = 2147483647;
			files = (
			);
			runOnlyForDeploymentPostprocessing = 0;
		};
/* End PBXResourcesBuildPhase section */

/* Begin PBXSourcesBuildPhase section */
		FDE19A152BBC1DB60085ADCB /* Sources */ = {
			isa = PBXSourcesBuildPhase;
			buildActionMask = 2147483647;
			files = (
				FDE19A212BBC1DB60085ADCB /* ViewController.swift in Sources */,
				FDE19A1D2BBC1DB60085ADCB /* AppDelegate.swift in Sources */,
				FDE19A1F2BBC1DB60085ADCB /* SceneDelegate.swift in Sources */,
			);
			runOnlyForDeploymentPostprocessing = 0;
		};
		FDE19A2B2BBC1DB80085ADCB /* Sources */ = {
			isa = PBXSourcesBuildPhase;
			buildActionMask = 2147483647;
			files = (
				FDE19A342BBC1DB80085ADCB /* I_am_RichTests.swift in Sources */,
			);
			runOnlyForDeploymentPostprocessing = 0;
		};
		FDE19A352BBC1DB80085ADCB /* Sources */ = {
			isa = PBXSourcesBuildPhase;
			buildActionMask = 2147483647;
			files = (
				FDE19A402BBC1DB80085ADCB /* I_am_RichUITestsLaunchTests.swift in Sources */,
				FDE19A3E2BBC1DB80085ADCB /* I_am_RichUITests.swift in Sources */,
			);
			runOnlyForDeploymentPostprocessing = 0;
		};
/* End PBXSourcesBuildPhase section */

/* Begin PBXTargetDependency section */
		FDE19A312BBC1DB80085ADCB /* PBXTargetDependency */ = {
			isa = PBXTargetDependency;
			target = FDE19A182BBC1DB60085ADCB /* I am Rich */;
			targetProxy = FDE19A302BBC1DB80085ADCB /* PBXContainerItemProxy */;
		};
		FDE19A3B2BBC1DB80085ADCB /* PBXTargetDependency */ = {
			isa = PBXTargetDependency;
			target = FDE19A182BBC1DB60085ADCB /* I am Rich */;
			targetProxy = FDE19A3A2BBC1DB80085ADCB /* PBXContainerItemProxy */;
		};
/* End PBXTargetDependency section */

/* Begin PBXVariantGroup section */
		FDE19A222BBC1DB60085ADCB /* Main.storyboard */ = {
			isa = PBXVariantGroup;
			children = (
				FDE19A232BBC1DB60085ADCB /* Base */,
			);
			name = Main.storyboard;
			sourceTree = "<group>";
		};
		FDE19A272BBC1DB80085ADCB /* LaunchScreen.storyboard */ = {
			isa = PBXVariantGroup;
			children = (
				FDE19A282BBC1DB80085ADCB /* Base */,
			);
			name = LaunchScreen.storyboard;
			sourceTree = "<group>";
		};
/* End PBXVariantGroup section */

/* Begin XCBuildConfiguration section */
		FDE19A412BBC1DB80085ADCB /* Debug */ = {
			isa = XCBuildConfiguration;
			buildSettings = {
				ALWAYS_SEARCH_USER_PATHS = NO;
				ASSETCATALOG_COMPILER_GENERATE_SWIFT_ASSET_SYMBOL_EXTENSIONS = YES;
				CLANG_ANALYZER_NONNULL = YES;
				CLANG_ANALYZER_NUMBER_OBJECT_CONVERSION = YES_AGGRESSIVE;
				CLANG_CXX_LANGUAGE_STANDARD = "gnu++20";
				CLANG_ENABLE_MODULES = YES;
				CLANG_ENABLE_OBJC_ARC = YES;
				CLANG_ENABLE_OBJC_WEAK = YES;
				CLANG_WARN_BLOCK_CAPTURE_AUTORELEASING = YES;
				CLANG_WARN_BOOL_CONVERSION = YES;
				CLANG_WARN_COMMA = YES;
				CLANG_WARN_CONSTANT_CONVERSION = YES;
				CLANG_WARN_DEPRECATED_OBJC_IMPLEMENTATIONS = YES;
				CLANG_WARN_DIRECT_OBJC_ISA_USAGE = YES_ERROR;
				CLANG_WARN_DOCUMENTATION_COMMENTS = YES;
				CLANG_WARN_EMPTY_BODY = YES;
				CLANG_WARN_ENUM_CONVERSION = YES;
				CLANG_WARN_INFINITE_RECURSION = YES;
				CLANG_WARN_INT_CONVERSION = YES;
				CLANG_WARN_NON_LITERAL_NULL_CONVERSION = YES;
				CLANG_WARN_OBJC_IMPLICIT_RETAIN_SELF = YES;
				CLANG_WARN_OBJC_LITERAL_CONVERSION = YES;
				CLANG_WARN_OBJC_ROOT_CLASS = YES_ERROR;
				CLANG_WARN_QUOTED_INCLUDE_IN_FRAMEWORK_HEADER = YES;
				CLANG_WARN_RANGE_LOOP_ANALYSIS = YES;
				CLANG_WARN_STRICT_PROTOTYPES = YES;
				CLANG_WARN_SUSPICIOUS_MOVE = YES;
				CLANG_WARN_UNGUARDED_AVAILABILITY = YES_AGGRESSIVE;
				CLANG_WARN_UNREACHABLE_CODE = YES;
				CLANG_WARN__DUPLICATE_METHOD_MATCH = YES;
				COPY_PHASE_STRIP = NO;
				DEBUG_INFORMATION_FORMAT = dwarf;
				ENABLE_STRICT_OBJC_MSGSEND = YES;
				ENABLE_TESTABILITY = YES;
				ENABLE_USER_SCRIPT_SANDBOXING = YES;
				GCC_C_LANGUAGE_STANDARD = gnu17;
				GCC_DYNAMIC_NO_PIC = NO;
				GCC_NO_COMMON_BLOCKS = YES;
				GCC_OPTIMIZATION_LEVEL = 0;
				GCC_PREPROCESSOR_DEFINITIONS = (
					"DEBUG=1",
					"$(inherited)",
				);
				GCC_WARN_64_TO_32_BIT_CONVERSION = YES;
				GCC_WARN_ABOUT_RETURN_TYPE = YES_ERROR;
				GCC_WARN_UNDECLARED_SELECTOR = YES;
				GCC_WARN_UNINITIALIZED_AUTOS = YES_AGGRESSIVE;
				GCC_WARN_UNUSED_FUNCTION = YES;
				GCC_WARN_UNUSED_VARIABLE = YES;
				IPHONEOS_DEPLOYMENT_TARGET = 17.4;
				LOCALIZATION_PREFERS_STRING_CATALOGS = YES;
				MTL_ENABLE_DEBUG_INFO = INCLUDE_SOURCE;
				MTL_FAST_MATH = YES;
				ONLY_ACTIVE_ARCH = YES;
				SDKROOT = iphoneos;
				SWIFT_ACTIVE_COMPILATION_CONDITIONS = "DEBUG $(inherited)";
				SWIFT_OPTIMIZATION_LEVEL = "-Onone";
			};
			name = Debug;
		};
		FDE19A422BBC1DB80085ADCB /* Release */ = {
			isa = XCBuildConfiguration;
			buildSettings = {
				ALWAYS_SEARCH_USER_PATHS = NO;
				ASSETCATALOG_COMPILER_GENERATE_SWIFT_ASSET_SYMBOL_EXTENSIONS = YES;
				CLANG_ANALYZER_NONNULL = YES;
				CLANG_ANALYZER_NUMBER_OBJECT_CONVERSION = YES_AGGRESSIVE;
				CLANG_CXX_LANGUAGE_STANDARD = "gnu++20";
				CLANG_ENABLE_MODULES = YES;
				CLANG_ENABLE_OBJC_ARC = YES;
				CLANG_ENABLE_OBJC_WEAK = YES;
				CLANG_WARN_BLOCK_CAPTURE_AUTORELEASING = YES;
				CLANG_WARN_BOOL_CONVERSION = YES;
				CLANG_WARN_COMMA = YES;
				CLANG_WARN_CONSTANT_CONVERSION = YES;
				CLANG_WARN_DEPRECATED_OBJC_IMPLEMENTATIONS = YES;
				CLANG_WARN_DIRECT_OBJC_ISA_USAGE = YES_ERROR;
				CLANG_WARN_DOCUMENTATION_COMMENTS = YES;
				CLANG_WARN_EMPTY_BODY = YES;
				CLANG_WARN_ENUM_CONVERSION = YES;
				CLANG_WARN_INFINITE_RECURSION = YES;
				CLANG_WARN_INT_CONVERSION = YES;
				CLANG_WARN_NON_LITERAL_NULL_CONVERSION = YES;
				CLANG_WARN_OBJC_IMPLICIT_RETAIN_SELF = YES;
				CLANG_WARN_OBJC_LITERAL_CONVERSION = YES;
				CLANG_WARN_OBJC_ROOT_CLASS = YES_ERROR;
				CLANG_WARN_QUOTED_INCLUDE_IN_FRAMEWORK_HEADER = YES;
				CLANG_WARN_RANGE_LOOP_ANALYSIS = YES;
				CLANG_WARN_STRICT_PROTOTYPES = YES;
				CLANG_WARN_SUSPICIOUS_MOVE = YES;
				CLANG_WARN_UNGUARDED_AVAILABILITY = YES_AGGRESSIVE;
				CLANG_WARN_UNREACHABLE_CODE = YES;
				CLANG_WARN__DUPLICATE_METHOD_MATCH = YES;
				COPY_PHASE_STRIP = NO;
				DEBUG_INFORMATION_FORMAT = "dwarf-with-dsym";
				ENABLE_NS_ASSERTIONS = NO;
				ENABLE_STRICT_OBJC_MSGSEND = YES;
				ENABLE_USER_SCRIPT_SANDBOXING = YES;
				GCC_C_LANGUAGE_STANDARD = gnu17;
				GCC_NO_COMMON_BLOCKS = YES;
				GCC_WARN_64_TO_32_BIT_CONVERSION = YES;
				GCC_WARN_ABOUT_RETURN_TYPE = YES_ERROR;
				GCC_WARN_UNDECLARED_SELECTOR = YES;
				GCC_WARN_UNINITIALIZED_AUTOS = YES_AGGRESSIVE;
				GCC_WARN_UNUSED_FUNCTION = YES;
				GCC_WARN_UNUSED_VARIABLE = YES;
				IPHONEOS_DEPLOYMENT_TARGET = 17.4;
				LOCALIZATION_PREFERS_STRING_CATALOGS = YES;
				MTL_ENABLE_DEBUG_INFO = NO;
				MTL_FAST_MATH = YES;
				SDKROOT = iphoneos;
				SWIFT_COMPILATION_MODE = wholemodule;
				VALIDATE_PRODUCT = YES;
			};
			name = Release;
		};
		FDE19A442BBC1DB80085ADCB /* Debug */ = {
			isa = XCBuildConfiguration;
			buildSettings = {
				ASSETCATALOG_COMPILER_APPICON_NAME = AppIcon;
				ASSETCATALOG_COMPILER_GLOBAL_ACCENT_COLOR_NAME = AccentColor;
				CODE_SIGN_STYLE = Automatic;
				CURRENT_PROJECT_VERSION = 1;
				GENERATE_INFOPLIST_FILE = YES;
				INFOPLIST_FILE = "I am Rich/Info.plist";
				INFOPLIST_KEY_UIApplicationSupportsIndirectInputEvents = YES;
				INFOPLIST_KEY_UILaunchStoryboardName = LaunchScreen;
				INFOPLIST_KEY_UIMainStoryboardFile = Main;
				INFOPLIST_KEY_UISupportedInterfaceOrientations_iPad = "UIInterfaceOrientationPortrait UIInterfaceOrientationPortraitUpsideDown UIInterfaceOrientationLandscapeLeft UIInterfaceOrientationLandscapeRight";
				INFOPLIST_KEY_UISupportedInterfaceOrientations_iPhone = "UIInterfaceOrientationPortrait UIInterfaceOrientationLandscapeLeft UIInterfaceOrientationLandscapeRight";
				LD_RUNPATH_SEARCH_PATHS = (
					"$(inherited)",
					"@executable_path/Frameworks",
				);
				MARKETING_VERSION = 1.0;
				PRODUCT_BUNDLE_IDENTIFIER = "co.karthik.I-am-Rich";
				PRODUCT_NAME = "$(TARGET_NAME)";
				SWIFT_EMIT_LOC_STRINGS = YES;
				SWIFT_VERSION = 5.0;
				TARGETED_DEVICE_FAMILY = "1,2";
			};
			name = Debug;
		};
		FDE19A452BBC1DB80085ADCB /* Release */ = {
			isa = XCBuildConfiguration;
			buildSettings = {
				ASSETCATALOG_COMPILER_APPICON_NAME = AppIcon;
				ASSETCATALOG_COMPILER_GLOBAL_ACCENT_COLOR_NAME = AccentColor;
				CODE_SIGN_STYLE = Automatic;
				CURRENT_PROJECT_VERSION = 1;
				GENERATE_INFOPLIST_FILE = YES;
				INFOPLIST_FILE = "I am Rich/Info.plist";
				INFOPLIST_KEY_UIApplicationSupportsIndirectInputEvents = YES;
				INFOPLIST_KEY_UILaunchStoryboardName = LaunchScreen;
				INFOPLIST_KEY_UIMainStoryboardFile = Main;
				INFOPLIST_KEY_UISupportedInterfaceOrientations_iPad = "UIInterfaceOrientationPortrait UIInterfaceOrientationPortraitUpsideDown UIInterfaceOrientationLandscapeLeft UIInterfaceOrientationLandscapeRight";
				INFOPLIST_KEY_UISupportedInterfaceOrientations_iPhone = "UIInterfaceOrientationPortrait UIInterfaceOrientationLandscapeLeft UIInterfaceOrientationLandscapeRight";
				LD_RUNPATH_SEARCH_PATHS = (
					"$(inherited)",
					"@executable_path/Frameworks",
				);
				MARKETING_VERSION = 1.0;
				PRODUCT_BUNDLE_IDENTIFIER = "co.karthik.I-am-Rich";
				PRODUCT_NAME = "$(TARGET_NAME)";
				SWIFT_EMIT_LOC_STRINGS = YES;
				SWIFT_VERSION = 5.0;
				TARGETED_DEVICE_FAMILY = "1,2";
			};
			name = Release;
		};
		FDE19A472BBC1DB80085ADCB /* Debug */ = {
			isa = XCBuildConfiguration;
			buildSettings = {
				ALWAYS_EMBED_SWIFT_STANDARD_LIBRARIES = YES;
				BUNDLE_LOADER = "$(TEST_HOST)";
				CODE_SIGN_STYLE = Automatic;
				CURRENT_PROJECT_VERSION = 1;
				GENERATE_INFOPLIST_FILE = YES;
				IPHONEOS_DEPLOYMENT_TARGET = 17.4;
				MARKETING_VERSION = 1.0;
				PRODUCT_BUNDLE_IDENTIFIER = "co.karthik.I-am-RichTests";
				PRODUCT_NAME = "$(TARGET_NAME)";
				SWIFT_EMIT_LOC_STRINGS = NO;
				SWIFT_VERSION = 5.0;
				TARGETED_DEVICE_FAMILY = "1,2";
				TEST_HOST = "$(BUILT_PRODUCTS_DIR)/I am Rich.app/$(BUNDLE_EXECUTABLE_FOLDER_PATH)/I am Rich";
			};
			name = Debug;
		};
		FDE19A482BBC1DB80085ADCB /* Release */ = {
			isa = XCBuildConfiguration;
			buildSettings = {
				ALWAYS_EMBED_SWIFT_STANDARD_LIBRARIES = YES;
				BUNDLE_LOADER = "$(TEST_HOST)";
				CODE_SIGN_STYLE = Automatic;
				CURRENT_PROJECT_VERSION = 1;
				GENERATE_INFOPLIST_FILE = YES;
				IPHONEOS_DEPLOYMENT_TARGET = 17.4;
				MARKETING_VERSION = 1.0;
				PRODUCT_BUNDLE_IDENTIFIER = "co.karthik.I-am-RichTests";
				PRODUCT_NAME = "$(TARGET_NAME)";
				SWIFT_EMIT_LOC_STRINGS = NO;
				SWIFT_VERSION = 5.0;
				TARGETED_DEVICE_FAMILY = "1,2";
				TEST_HOST = "$(BUILT_PRODUCTS_DIR)/I am Rich.app/$(BUNDLE_EXECUTABLE_FOLDER_PATH)/I am Rich";
			};
			name = Release;
		};
		FDE19A4A2BBC1DB80085ADCB /* Debug */ = {
			isa = XCBuildConfiguration;
			buildSettings = {
				ALWAYS_EMBED_SWIFT_STANDARD_LIBRARIES = YES;
				CODE_SIGN_STYLE = Automatic;
				CURRENT_PROJECT_VERSION = 1;
				GENERATE_INFOPLIST_FILE = YES;
				MARKETING_VERSION = 1.0;
				PRODUCT_BUNDLE_IDENTIFIER = "co.karthik.I-am-RichUITests";
				PRODUCT_NAME = "$(TARGET_NAME)";
				SWIFT_EMIT_LOC_STRINGS = NO;
				SWIFT_VERSION = 5.0;
				TARGETED_DEVICE_FAMILY = "1,2";
				TEST_TARGET_NAME = "I am Rich";
			};
			name = Debug;
		};
		FDE19A4B2BBC1DB80085ADCB /* Release */ = {
			isa = XCBuildConfiguration;
			buildSettings = {
				ALWAYS_EMBED_SWIFT_STANDARD_LIBRARIES = YES;
				CODE_SIGN_STYLE = Automatic;
				CURRENT_PROJECT_VERSION = 1;
				GENERATE_INFOPLIST_FILE = YES;
				MARKETING_VERSION = 1.0;
				PRODUCT_BUNDLE_IDENTIFIER = "co.karthik.I-am-RichUITests";
				PRODUCT_NAME = "$(TARGET_NAME)";
				SWIFT_EMIT_LOC_STRINGS = NO;
				SWIFT_VERSION = 5.0;
				TARGETED_DEVICE_FAMILY = "1,2";
				TEST_TARGET_NAME = "I am Rich";
			};
			name = Release;
		};
/* End XCBuildConfiguration section */

/* Begin XCConfigurationList section */
		FDE19A142BBC1DB60085ADCB /* Build configuration list for PBXProject "I am Rich" */ = {
			isa = XCConfigurationList;
			buildConfigurations = (
				FDE19A412BBC1DB80085ADCB /* Debug */,
				FDE19A422BBC1DB80085ADCB /* Release */,
			);
			defaultConfigurationIsVisible = 0;
			defaultConfigurationName = Release;
		};
		FDE19A432BBC1DB80085ADCB /* Build configuration list for PBXNativeTarget "I am Rich" */ = {
			isa = XCConfigurationList;
			buildConfigurations = (
				FDE19A442BBC1DB80085ADCB /* Debug */,
				FDE19A452BBC1DB80085ADCB /* Release */,
			);
			defaultConfigurationIsVisible = 0;
			defaultConfigurationName = Release;
		};
		FDE19A462BBC1DB80085ADCB /* Build configuration list for PBXNativeTarget "I am RichTests" */ = {
			isa = XCConfigurationList;
			buildConfigurations = (
				FDE19A472BBC1DB80085ADCB /* Debug */,
				FDE19A482BBC1DB80085ADCB /* Release */,
			);
			defaultConfigurationIsVisible = 0;
			defaultConfigurationName = Release;
		};
		FDE19A492BBC1DB80085ADCB /* Build configuration list for PBXNativeTarget "I am RichUITests" */ = {
			isa = XCConfigurationList;
			buildConfigurations = (
				FDE19A4A2BBC1DB80085ADCB /* Debug */,
				FDE19A4B2BBC1DB80085ADCB /* Release */,
			);
			defaultConfigurationIsVisible = 0;
			defaultConfigurationName = Release;
		};
/* End XCConfigurationList section */
	};
	rootObject = FDE19A112BBC1DB60085ADCB /* Project object */;
}
